
Microsoft Visual Studio Solution File, Format Version 12.00
# Visual Studio Version 17
VisualStudioVersion = 17.4.33213.308
MinimumVisualStudioVersion = 10.0.40219.1
Project("{FAE04EC0-301F-11D3-BF4B-00C04F79EFBC}") = "MethodOverloading", "MethodOverloading\MethodOverloading.csproj", "{2F89094F-36F0-4D0F-A449-10B65D672CED}"
EndProject
Global
	GlobalSection(SolutionConfigurationPlatforms) = preSolution
		Debug|Any CPU = Debug|Any CPU
		Release|Any CPU = Release|Any CPU
	EndGlobalSection
	GlobalSection(ProjectConfigurationPlatforms) = postSolution
		{2F89094F-36F0-4D0F-A449-10B65D672CED}.Debug|Any CPU.ActiveCfg = Debug|Any CPU
		{2F89094F-36F0-4D0F-A449-10B65D672CED}.Debug|Any CPU.Build.0 = Debug|Any CPU
		{2F89094F-36F0-4D0F-A449-10B65D672CED}.Release|Any CPU.ActiveCfg = Release|Any CPU
		{2F89094F-36F0-4D0F-A449-10B65D672CED}.Release|Any CPU.Build.0 = Release|Any CPU
	EndGlobalSection
	GlobalSection(SolutionProperties) = preSolution
		HideSolutionNode = FALSE
	EndGlobalSection
	GlobalSection(ExtensibilityGlobals) = postSolution
		SolutionGuid = {E94EE438-D343-4A1D-B64D-88AF08C646F7}
	EndGlobalSection
EndGlobal
