
Microsoft Visual Studio Solution File, Format Version 12.00
# Visual Studio Version 17
VisualStudioVersion = 17.4.33213.308
MinimumVisualStudioVersion = 10.0.40219.1
Project("{FAE04EC0-301F-11D3-BF4B-00C04F79EFBC}") = "KararYapilari_if", "KararYapilari_if\KararYapilari_if.csproj", "{CBC107D0-64E3-4E79-84A7-271EA283DCBC}"
EndProject
Global
	GlobalSection(SolutionConfigurationPlatforms) = preSolution
		Debug|Any CPU = Debug|Any CPU
		Release|Any CPU = Release|Any CPU
	EndGlobalSection
	GlobalSection(ProjectConfigurationPlatforms) = postSolution
		{CBC107D0-64E3-4E79-84A7-271EA283DCBC}.Debug|Any CPU.ActiveCfg = Debug|Any CPU
		{CBC107D0-64E3-4E79-84A7-271EA283DCBC}.Debug|Any CPU.Build.0 = Debug|Any CPU
		{CBC107D0-64E3-4E79-84A7-271EA283DCBC}.Release|Any CPU.ActiveCfg = Release|Any CPU
		{CBC107D0-64E3-4E79-84A7-271EA283DCBC}.Release|Any CPU.Build.0 = Release|Any CPU
	EndGlobalSection
	GlobalSection(SolutionProperties) = preSolution
		HideSolutionNode = FALSE
	EndGlobalSection
	GlobalSection(ExtensibilityGlobals) = postSolution
		SolutionGuid = {3221C79A-E8CC-4242-BEDA-575D295C25F6}
	EndGlobalSection
EndGlobal
