
Microsoft Visual Studio Solution File, Format Version 12.00
# Visual Studio Version 17
VisualStudioVersion = 17.4.33213.308
MinimumVisualStudioVersion = 10.0.40219.1
Project("{FAE04EC0-301F-11D3-BF4B-00C04F79EFBC}") = "IntroduceConcept", "IntroduceConcept\IntroduceConcept.csproj", "{A8559D9F-FE51-4E52-9D36-7D8E2CFA220D}"
EndProject
Global
	GlobalSection(SolutionConfigurationPlatforms) = preSolution
		Debug|Any CPU = Debug|Any CPU
		Release|Any CPU = Release|Any CPU
	EndGlobalSection
	GlobalSection(ProjectConfigurationPlatforms) = postSolution
		{A8559D9F-FE51-4E52-9D36-7D8E2CFA220D}.Debug|Any CPU.ActiveCfg = Debug|Any CPU
		{A8559D9F-FE51-4E52-9D36-7D8E2CFA220D}.Debug|Any CPU.Build.0 = Debug|Any CPU
		{A8559D9F-FE51-4E52-9D36-7D8E2CFA220D}.Release|Any CPU.ActiveCfg = Release|Any CPU
		{A8559D9F-FE51-4E52-9D36-7D8E2CFA220D}.Release|Any CPU.Build.0 = Release|Any CPU
	EndGlobalSection
	GlobalSection(SolutionProperties) = preSolution
		HideSolutionNode = FALSE
	EndGlobalSection
	GlobalSection(ExtensibilityGlobals) = postSolution
		SolutionGuid = {9A8DAD4B-4485-43AF-811A-37F40322F4F6}
	EndGlobalSection
EndGlobal
