
Microsoft Visual Studio Solution File, Format Version 12.00
# Visual Studio Version 17
VisualStudioVersion = 17.4.33213.308
MinimumVisualStudioVersion = 10.0.40219.1
Project("{FAE04EC0-301F-11D3-BF4B-00C04F79EFBC}") = "NullOperations", "NullOperations\NullOperations.csproj", "{EA5E9EBB-07F4-4EE0-B93F-3ABEA76E281A}"
EndProject
Project("{FAE04EC0-301F-11D3-BF4B-00C04F79EFBC}") = "GenericTypes", "GenericTypes\GenericTypes.csproj", "{8E63A0FB-09E0-411F-ABFB-BEE30EF2366F}"
EndProject
Global
	GlobalSection(SolutionConfigurationPlatforms) = preSolution
		Debug|Any CPU = Debug|Any CPU
		Release|Any CPU = Release|Any CPU
	EndGlobalSection
	GlobalSection(ProjectConfigurationPlatforms) = postSolution
		{EA5E9EBB-07F4-4EE0-B93F-3ABEA76E281A}.Debug|Any CPU.ActiveCfg = Debug|Any CPU
		{EA5E9EBB-07F4-4EE0-B93F-3ABEA76E281A}.Debug|Any CPU.Build.0 = Debug|Any CPU
		{EA5E9EBB-07F4-4EE0-B93F-3ABEA76E281A}.Release|Any CPU.ActiveCfg = Release|Any CPU
		{EA5E9EBB-07F4-4EE0-B93F-3ABEA76E281A}.Release|Any CPU.Build.0 = Release|Any CPU
		{8E63A0FB-09E0-411F-ABFB-BEE30EF2366F}.Debug|Any CPU.ActiveCfg = Debug|Any CPU
		{8E63A0FB-09E0-411F-ABFB-BEE30EF2366F}.Debug|Any CPU.Build.0 = Debug|Any CPU
		{8E63A0FB-09E0-411F-ABFB-BEE30EF2366F}.Release|Any CPU.ActiveCfg = Release|Any CPU
		{8E63A0FB-09E0-411F-ABFB-BEE30EF2366F}.Release|Any CPU.Build.0 = Release|Any CPU
	EndGlobalSection
	GlobalSection(SolutionProperties) = preSolution
		HideSolutionNode = FALSE
	EndGlobalSection
	GlobalSection(ExtensibilityGlobals) = postSolution
		SolutionGuid = {5AF346FF-876A-4E8C-89D3-12D4FF6A94D1}
	EndGlobalSection
EndGlobal
