
Microsoft Visual Studio Solution File, Format Version 12.00
# Visual Studio Version 17
VisualStudioVersion = 17.4.33213.308
MinimumVisualStudioVersion = 10.0.40219.1
Project("{FAE04EC0-301F-11D3-BF4B-00C04F79EFBC}") = "Lops", "Lops\Lops.csproj", "{B0592D11-A9E9-4977-BF1C-B3F169D5578A}"
EndProject
Global
	GlobalSection(SolutionConfigurationPlatforms) = preSolution
		Debug|Any CPU = Debug|Any CPU
		Release|Any CPU = Release|Any CPU
	EndGlobalSection
	GlobalSection(ProjectConfigurationPlatforms) = postSolution
		{B0592D11-A9E9-4977-BF1C-B3F169D5578A}.Debug|Any CPU.ActiveCfg = Debug|Any CPU
		{B0592D11-A9E9-4977-BF1C-B3F169D5578A}.Debug|Any CPU.Build.0 = Debug|Any CPU
		{B0592D11-A9E9-4977-BF1C-B3F169D5578A}.Release|Any CPU.ActiveCfg = Release|Any CPU
		{B0592D11-A9E9-4977-BF1C-B3F169D5578A}.Release|Any CPU.Build.0 = Release|Any CPU
	EndGlobalSection
	GlobalSection(SolutionProperties) = preSolution
		HideSolutionNode = FALSE
	EndGlobalSection
	GlobalSection(ExtensibilityGlobals) = postSolution
		SolutionGuid = {B796EC81-7C6D-49A4-8DD4-8EB14983C441}
	EndGlobalSection
EndGlobal
