
Microsoft Visual Studio Solution File, Format Version 12.00
# Visual Studio Version 17
VisualStudioVersion = 17.4.33213.308
MinimumVisualStudioVersion = 10.0.40219.1
Project("{FAE04EC0-301F-11D3-BF4B-00C04F79EFBC}") = "PasswordStrengthCheck", "PasswordStrengthCheck\PasswordStrengthCheck.csproj", "{47F400C8-EB7E-430E-9F7E-583B8FD3B239}"
EndProject
Global
	GlobalSection(SolutionConfigurationPlatforms) = preSolution
		Debug|Any CPU = Debug|Any CPU
		Release|Any CPU = Release|Any CPU
	EndGlobalSection
	GlobalSection(ProjectConfigurationPlatforms) = postSolution
		{47F400C8-EB7E-430E-9F7E-583B8FD3B239}.Debug|Any CPU.ActiveCfg = Debug|Any CPU
		{47F400C8-EB7E-430E-9F7E-583B8FD3B239}.Debug|Any CPU.Build.0 = Debug|Any CPU
		{47F400C8-EB7E-430E-9F7E-583B8FD3B239}.Release|Any CPU.ActiveCfg = Release|Any CPU
		{47F400C8-EB7E-430E-9F7E-583B8FD3B239}.Release|Any CPU.Build.0 = Release|Any CPU
	EndGlobalSection
	GlobalSection(SolutionProperties) = preSolution
		HideSolutionNode = FALSE
	EndGlobalSection
	GlobalSection(ExtensibilityGlobals) = postSolution
		SolutionGuid = {6AB0C114-BDBE-42CC-834B-4174BB04C1E3}
	EndGlobalSection
EndGlobal
